
Microsoft Visual Studio Solution File, Format Version 12.00
# Visual Studio Version 16
VisualStudioVersion = 16.0.29318.209
MinimumVisualStudioVersion = 10.0.40219.1
Project("{FAE04EC0-301F-11D3-BF4B-00C04F79EFBC}") = "c3a8matTemplate", "c3a8matTemplate\c3a8matTemplate.csproj", "{17F2ED72-8257-4E6A-9C95-BC8BD862A8F3}"
EndProject
Global
	GlobalSection(SolutionConfigurationPlatforms) = preSolution
		Debug|Any CPU = Debug|Any CPU
		Release|Any CPU = Release|Any CPU
	EndGlobalSection
	GlobalSection(ProjectConfigurationPlatforms) = postSolution
		{17F2ED72-8257-4E6A-9C95-BC8BD862A8F3}.Debug|Any CPU.ActiveCfg = Debug|Any CPU
		{17F2ED72-8257-4E6A-9C95-BC8BD862A8F3}.Debug|Any CPU.Build.0 = Debug|Any CPU
		{17F2ED72-8257-4E6A-9C95-BC8BD862A8F3}.Release|Any CPU.ActiveCfg = Release|Any CPU
		{17F2ED72-8257-4E6A-9C95-BC8BD862A8F3}.Release|Any CPU.Build.0 = Release|Any CPU
	EndGlobalSection
	GlobalSection(SolutionProperties) = preSolution
		HideSolutionNode = FALSE
	EndGlobalSection
	GlobalSection(ExtensibilityGlobals) = postSolution
		SolutionGuid = {724EC45B-AD10-4A53-AB6D-E10DF8343823}
	EndGlobalSection
EndGlobal
